
Microsoft Visual Studio Solution File, Format Version 12.00
# Visual Studio Version 16
VisualStudioVersion = 16.0.30621.155
MinimumVisualStudioVersion = 10.0.40219.1
Project("{FAE04EC0-301F-11D3-BF4B-00C04F79EFBC}") = "QuimiOrganica.UWP", "QuimiOrganica\QuimiOrganica.UWP\QuimiOrganica.UWP.csproj", "{CF446ED3-23B0-4EB3-B0C1-693C0910249D}"
EndProject
Project("{FAE04EC0-301F-11D3-BF4B-00C04F79EFBC}") = "QuimiOrganica.Android", "QuimiOrganica\QuimiOrganica.Android\QuimiOrganica.Android.csproj", "{75CE999C-7569-42A9-90B2-C8FB0EE64BC3}"
EndProject
Project("{FAE04EC0-301F-11D3-BF4B-00C04F79EFBC}") = "QuimiOrganica.iOS", "QuimiOrganica\QuimiOrganica.iOS\QuimiOrganica.iOS.csproj", "{639DC389-61AC-470F-AA1C-7BEC5B67015F}"
EndProject
Project("{9A19103F-16F7-4668-BE54-9A1E7A4F7556}") = "QuimiOrganica", "QuimiOrganica\QuimiOrganica\QuimiOrganica.csproj", "{EF19BF1E-F356-4206-9F6F-D113319FD237}"
EndProject
Global
	GlobalSection(SolutionConfigurationPlatforms) = preSolution
		Debug|Any CPU = Debug|Any CPU
		Debug|ARM = Debug|ARM
		Debug|iPhone = Debug|iPhone
		Debug|iPhoneSimulator = Debug|iPhoneSimulator
		Debug|x64 = Debug|x64
		Debug|x86 = Debug|x86
		Release|Any CPU = Release|Any CPU
		Release|ARM = Release|ARM
		Release|iPhone = Release|iPhone
		Release|iPhoneSimulator = Release|iPhoneSimulator
		Release|x64 = Release|x64
		Release|x86 = Release|x86
	EndGlobalSection
	GlobalSection(ProjectConfigurationPlatforms) = postSolution
		{CF446ED3-23B0-4EB3-B0C1-693C0910249D}.Debug|Any CPU.ActiveCfg = Debug|x86
		{CF446ED3-23B0-4EB3-B0C1-693C0910249D}.Debug|Any CPU.Build.0 = Debug|x86
		{CF446ED3-23B0-4EB3-B0C1-693C0910249D}.Debug|Any CPU.Deploy.0 = Debug|x86
		{CF446ED3-23B0-4EB3-B0C1-693C0910249D}.Debug|ARM.ActiveCfg = Debug|ARM
		{CF446ED3-23B0-4EB3-B0C1-693C0910249D}.Debug|ARM.Build.0 = Debug|ARM
		{CF446ED3-23B0-4EB3-B0C1-693C0910249D}.Debug|ARM.Deploy.0 = Debug|ARM
		{CF446ED3-23B0-4EB3-B0C1-693C0910249D}.Debug|iPhone.ActiveCfg = Debug|x86
		{CF446ED3-23B0-4EB3-B0C1-693C0910249D}.Debug|iPhone.Build.0 = Debug|x86
		{CF446ED3-23B0-4EB3-B0C1-693C0910249D}.Debug|iPhone.Deploy.0 = Debug|x86
		{CF446ED3-23B0-4EB3-B0C1-693C0910249D}.Debug|iPhoneSimulator.ActiveCfg = Debug|x86
		{CF446ED3-23B0-4EB3-B0C1-693C0910249D}.Debug|iPhoneSimulator.Build.0 = Debug|x86
		{CF446ED3-23B0-4EB3-B0C1-693C0910249D}.Debug|iPhoneSimulator.Deploy.0 = Debug|x86
		{CF446ED3-23B0-4EB3-B0C1-693C0910249D}.Debug|x64.ActiveCfg = Debug|x64
		{CF446ED3-23B0-4EB3-B0C1-693C0910249D}.Debug|x64.Build.0 = Debug|x64
		{CF446ED3-23B0-4EB3-B0C1-693C0910249D}.Debug|x64.Deploy.0 = Debug|x64
		{CF446ED3-23B0-4EB3-B0C1-693C0910249D}.Debug|x86.ActiveCfg = Debug|x86
		{CF446ED3-23B0-4EB3-B0C1-693C0910249D}.Debug|x86.Build.0 = Debug|x86
		{CF446ED3-23B0-4EB3-B0C1-693C0910249D}.Debug|x86.Deploy.0 = Debug|x86
		{CF446ED3-23B0-4EB3-B0C1-693C0910249D}.Release|Any CPU.ActiveCfg = Release|x86
		{CF446ED3-23B0-4EB3-B0C1-693C0910249D}.Release|Any CPU.Build.0 = Release|x86
		{CF446ED3-23B0-4EB3-B0C1-693C0910249D}.Release|Any CPU.Deploy.0 = Release|x86
		{CF446ED3-23B0-4EB3-B0C1-693C0910249D}.Release|ARM.ActiveCfg = Release|ARM
		{CF446ED3-23B0-4EB3-B0C1-693C0910249D}.Release|ARM.Build.0 = Release|ARM
		{CF446ED3-23B0-4EB3-B0C1-693C0910249D}.Release|ARM.Deploy.0 = Release|ARM
		{CF446ED3-23B0-4EB3-B0C1-693C0910249D}.Release|iPhone.ActiveCfg = Release|x86
		{CF446ED3-23B0-4EB3-B0C1-693C0910249D}.Release|iPhone.Build.0 = Release|x86
		{CF446ED3-23B0-4EB3-B0C1-693C0910249D}.Release|iPhone.Deploy.0 = Release|x86
		{CF446ED3-23B0-4EB3-B0C1-693C0910249D}.Release|iPhoneSimulator.ActiveCfg = Release|x86
		{CF446ED3-23B0-4EB3-B0C1-693C0910249D}.Release|iPhoneSimulator.Build.0 = Release|x86
		{CF446ED3-23B0-4EB3-B0C1-693C0910249D}.Release|iPhoneSimulator.Deploy.0 = Release|x86
		{CF446ED3-23B0-4EB3-B0C1-693C0910249D}.Release|x64.ActiveCfg = Release|x64
		{CF446ED3-23B0-4EB3-B0C1-693C0910249D}.Release|x64.Build.0 = Release|x64
		{CF446ED3-23B0-4EB3-B0C1-693C0910249D}.Release|x64.Deploy.0 = Release|x64
		{CF446ED3-23B0-4EB3-B0C1-693C0910249D}.Release|x86.ActiveCfg = Release|x86
		{CF446ED3-23B0-4EB3-B0C1-693C0910249D}.Release|x86.Build.0 = Release|x86
		{CF446ED3-23B0-4EB3-B0C1-693C0910249D}.Release|x86.Deploy.0 = Release|x86
		{75CE999C-7569-42A9-90B2-C8FB0EE64BC3}.Debug|Any CPU.ActiveCfg = Debug|Any CPU
		{75CE999C-7569-42A9-90B2-C8FB0EE64BC3}.Debug|Any CPU.Build.0 = Debug|Any CPU
		{75CE999C-7569-42A9-90B2-C8FB0EE64BC3}.Debug|Any CPU.Deploy.0 = Debug|Any CPU
		{75CE999C-7569-42A9-90B2-C8FB0EE64BC3}.Debug|ARM.ActiveCfg = Debug|Any CPU
		{75CE999C-7569-42A9-90B2-C8FB0EE64BC3}.Debug|ARM.Build.0 = Debug|Any CPU
		{75CE999C-7569-42A9-90B2-C8FB0EE64BC3}.Debug|ARM.Deploy.0 = Debug|Any CPU
		{75CE999C-7569-42A9-90B2-C8FB0EE64BC3}.Debug|iPhone.ActiveCfg = Debug|Any CPU
		{75CE999C-7569-42A9-90B2-C8FB0EE64BC3}.Debug|iPhone.Build.0 = Debug|Any CPU
		{75CE999C-7569-42A9-90B2-C8FB0EE64BC3}.Debug|iPhone.Deploy.0 = Debug|Any CPU
		{75CE999C-7569-42A9-90B2-C8FB0EE64BC3}.Debug|iPhoneSimulator.ActiveCfg = Debug|Any CPU
		{75CE999C-7569-42A9-90B2-C8FB0EE64BC3}.Debug|iPhoneSimulator.Build.0 = Debug|Any CPU
		{75CE999C-7569-42A9-90B2-C8FB0EE64BC3}.Debug|iPhoneSimulator.Deploy.0 = Debug|Any CPU
		{75CE999C-7569-42A9-90B2-C8FB0EE64BC3}.Debug|x64.ActiveCfg = Debug|Any CPU
		{75CE999C-7569-42A9-90B2-C8FB0EE64BC3}.Debug|x64.Build.0 = Debug|Any CPU
		{75CE999C-7569-42A9-90B2-C8FB0EE64BC3}.Debug|x64.Deploy.0 = Debug|Any CPU
		{75CE999C-7569-42A9-90B2-C8FB0EE64BC3}.Debug|x86.ActiveCfg = Debug|Any CPU
		{75CE999C-7569-42A9-90B2-C8FB0EE64BC3}.Debug|x86.Build.0 = Debug|Any CPU
		{75CE999C-7569-42A9-90B2-C8FB0EE64BC3}.Debug|x86.Deploy.0 = Debug|Any CPU
		{75CE999C-7569-42A9-90B2-C8FB0EE64BC3}.Release|Any CPU.ActiveCfg = Release|Any CPU
		{75CE999C-7569-42A9-90B2-C8FB0EE64BC3}.Release|Any CPU.Build.0 = Release|Any CPU
		{75CE999C-7569-42A9-90B2-C8FB0EE64BC3}.Release|Any CPU.Deploy.0 = Release|Any CPU
		{75CE999C-7569-42A9-90B2-C8FB0EE64BC3}.Release|ARM.ActiveCfg = Release|Any CPU
		{75CE999C-7569-42A9-90B2-C8FB0EE64BC3}.Release|ARM.Build.0 = Release|Any CPU
		{75CE999C-7569-42A9-90B2-C8FB0EE64BC3}.Release|ARM.Deploy.0 = Release|Any CPU
		{75CE999C-7569-42A9-90B2-C8FB0EE64BC3}.Release|iPhone.ActiveCfg = Release|Any CPU
		{75CE999C-7569-42A9-90B2-C8FB0EE64BC3}.Release|iPhone.Build.0 = Release|Any CPU
		{75CE999C-7569-42A9-90B2-C8FB0EE64BC3}.Release|iPhone.Deploy.0 = Release|Any CPU
		{75CE999C-7569-42A9-90B2-C8FB0EE64BC3}.Release|iPhoneSimulator.ActiveCfg = Release|Any CPU
		{75CE999C-7569-42A9-90B2-C8FB0EE64BC3}.Release|iPhoneSimulator.Build.0 = Release|Any CPU
		{75CE999C-7569-42A9-90B2-C8FB0EE64BC3}.Release|iPhoneSimulator.Deploy.0 = Release|Any CPU
		{75CE999C-7569-42A9-90B2-C8FB0EE64BC3}.Release|x64.ActiveCfg = Release|Any CPU
		{75CE999C-7569-42A9-90B2-C8FB0EE64BC3}.Release|x64.Build.0 = Release|Any CPU
		{75CE999C-7569-42A9-90B2-C8FB0EE64BC3}.Release|x64.Deploy.0 = Release|Any CPU
		{75CE999C-7569-42A9-90B2-C8FB0EE64BC3}.Release|x86.ActiveCfg = Release|Any CPU
		{75CE999C-7569-42A9-90B2-C8FB0EE64BC3}.Release|x86.Build.0 = Release|Any CPU
		{75CE999C-7569-42A9-90B2-C8FB0EE64BC3}.Release|x86.Deploy.0 = Release|Any CPU
		{639DC389-61AC-470F-AA1C-7BEC5B67015F}.Debug|Any CPU.ActiveCfg = Debug|iPhoneSimulator
		{639DC389-61AC-470F-AA1C-7BEC5B67015F}.Debug|Any CPU.Build.0 = Debug|iPhoneSimulator
		{639DC389-61AC-470F-AA1C-7BEC5B67015F}.Debug|Any CPU.Deploy.0 = Debug|iPhoneSimulator
		{639DC389-61AC-470F-AA1C-7BEC5B67015F}.Debug|ARM.ActiveCfg = Debug|iPhone
		{639DC389-61AC-470F-AA1C-7BEC5B67015F}.Debug|ARM.Build.0 = Debug|iPhone
		{639DC389-61AC-470F-AA1C-7BEC5B67015F}.Debug|ARM.Deploy.0 = Debug|iPhone
		{639DC389-61AC-470F-AA1C-7BEC5B67015F}.Debug|iPhone.ActiveCfg = Debug|iPhone
		{639DC389-61AC-470F-AA1C-7BEC5B67015F}.Debug|iPhone.Build.0 = Debug|iPhone
		{639DC389-61AC-470F-AA1C-7BEC5B67015F}.Debug|iPhone.Deploy.0 = Debug|iPhone
		{639DC389-61AC-470F-AA1C-7BEC5B67015F}.Debug|iPhoneSimulator.ActiveCfg = Debug|iPhoneSimulator
		{639DC389-61AC-470F-AA1C-7BEC5B67015F}.Debug|iPhoneSimulator.Build.0 = Debug|iPhoneSimulator
		{639DC389-61AC-470F-AA1C-7BEC5B67015F}.Debug|iPhoneSimulator.Deploy.0 = Debug|iPhoneSimulator
		{639DC389-61AC-470F-AA1C-7BEC5B67015F}.Debug|x64.ActiveCfg = Debug|iPhoneSimulator
		{639DC389-61AC-470F-AA1C-7BEC5B67015F}.Debug|x64.Build.0 = Debug|iPhoneSimulator
		{639DC389-61AC-470F-AA1C-7BEC5B67015F}.Debug|x64.Deploy.0 = Debug|iPhoneSimulator
		{639DC389-61AC-470F-AA1C-7BEC5B67015F}.Debug|x86.ActiveCfg = Debug|iPhoneSimulator
		{639DC389-61AC-470F-AA1C-7BEC5B67015F}.Debug|x86.Build.0 = Debug|iPhoneSimulator
		{639DC389-61AC-470F-AA1C-7BEC5B67015F}.Debug|x86.Deploy.0 = Debug|iPhoneSimulator
		{639DC389-61AC-470F-AA1C-7BEC5B67015F}.Release|Any CPU.ActiveCfg = Release|iPhoneSimulator
		{639DC389-61AC-470F-AA1C-7BEC5B67015F}.Release|Any CPU.Build.0 = Release|iPhoneSimulator
		{639DC389-61AC-470F-AA1C-7BEC5B67015F}.Release|Any CPU.Deploy.0 = Release|iPhoneSimulator
		{639DC389-61AC-470F-AA1C-7BEC5B67015F}.Release|ARM.ActiveCfg = Release|iPhoneSimulator
		{639DC389-61AC-470F-AA1C-7BEC5B67015F}.Release|ARM.Build.0 = Release|iPhoneSimulator
		{639DC389-61AC-470F-AA1C-7BEC5B67015F}.Release|ARM.Deploy.0 = Release|iPhoneSimulator
		{639DC389-61AC-470F-AA1C-7BEC5B67015F}.Release|iPhone.ActiveCfg = Release|iPhone
		{639DC389-61AC-470F-AA1C-7BEC5B67015F}.Release|iPhone.Build.0 = Release|iPhone
		{639DC389-61AC-470F-AA1C-7BEC5B67015F}.Release|iPhone.Deploy.0 = Release|iPhone
		{639DC389-61AC-470F-AA1C-7BEC5B67015F}.Release|iPhoneSimulator.ActiveCfg = Release|iPhoneSimulator
		{639DC389-61AC-470F-AA1C-7BEC5B67015F}.Release|iPhoneSimulator.Build.0 = Release|iPhoneSimulator
		{639DC389-61AC-470F-AA1C-7BEC5B67015F}.Release|iPhoneSimulator.Deploy.0 = Release|iPhoneSimulator
		{639DC389-61AC-470F-AA1C-7BEC5B67015F}.Release|x64.ActiveCfg = Release|iPhoneSimulator
		{639DC389-61AC-470F-AA1C-7BEC5B67015F}.Release|x64.Build.0 = Release|iPhoneSimulator
		{639DC389-61AC-470F-AA1C-7BEC5B67015F}.Release|x64.Deploy.0 = Release|iPhoneSimulator
		{639DC389-61AC-470F-AA1C-7BEC5B67015F}.Release|x86.ActiveCfg = Release|iPhoneSimulator
		{639DC389-61AC-470F-AA1C-7BEC5B67015F}.Release|x86.Build.0 = Release|iPhoneSimulator
		{639DC389-61AC-470F-AA1C-7BEC5B67015F}.Release|x86.Deploy.0 = Release|iPhoneSimulator
		{EF19BF1E-F356-4206-9F6F-D113319FD237}.Debug|Any CPU.ActiveCfg = Debug|Any CPU
		{EF19BF1E-F356-4206-9F6F-D113319FD237}.Debug|Any CPU.Build.0 = Debug|Any CPU
		{EF19BF1E-F356-4206-9F6F-D113319FD237}.Debug|Any CPU.Deploy.0 = Debug|Any CPU
		{EF19BF1E-F356-4206-9F6F-D113319FD237}.Debug|ARM.ActiveCfg = Debug|Any CPU
		{EF19BF1E-F356-4206-9F6F-D113319FD237}.Debug|ARM.Build.0 = Debug|Any CPU
		{EF19BF1E-F356-4206-9F6F-D113319FD237}.Debug|ARM.Deploy.0 = Debug|Any CPU
		{EF19BF1E-F356-4206-9F6F-D113319FD237}.Debug|iPhone.ActiveCfg = Debug|Any CPU
		{EF19BF1E-F356-4206-9F6F-D113319FD237}.Debug|iPhone.Build.0 = Debug|Any CPU
		{EF19BF1E-F356-4206-9F6F-D113319FD237}.Debug|iPhone.Deploy.0 = Debug|Any CPU
		{EF19BF1E-F356-4206-9F6F-D113319FD237}.Debug|iPhoneSimulator.ActiveCfg = Debug|Any CPU
		{EF19BF1E-F356-4206-9F6F-D113319FD237}.Debug|iPhoneSimulator.Build.0 = Debug|Any CPU
		{EF19BF1E-F356-4206-9F6F-D113319FD237}.Debug|iPhoneSimulator.Deploy.0 = Debug|Any CPU
		{EF19BF1E-F356-4206-9F6F-D113319FD237}.Debug|x64.ActiveCfg = Debug|Any CPU
		{EF19BF1E-F356-4206-9F6F-D113319FD237}.Debug|x64.Build.0 = Debug|Any CPU
		{EF19BF1E-F356-4206-9F6F-D113319FD237}.Debug|x64.Deploy.0 = Debug|Any CPU
		{EF19BF1E-F356-4206-9F6F-D113319FD237}.Debug|x86.ActiveCfg = Debug|Any CPU
		{EF19BF1E-F356-4206-9F6F-D113319FD237}.Debug|x86.Build.0 = Debug|Any CPU
		{EF19BF1E-F356-4206-9F6F-D113319FD237}.Debug|x86.Deploy.0 = Debug|Any CPU
		{EF19BF1E-F356-4206-9F6F-D113319FD237}.Release|Any CPU.ActiveCfg = Release|Any CPU
		{EF19BF1E-F356-4206-9F6F-D113319FD237}.Release|Any CPU.Build.0 = Release|Any CPU
		{EF19BF1E-F356-4206-9F6F-D113319FD237}.Release|Any CPU.Deploy.0 = Release|Any CPU
		{EF19BF1E-F356-4206-9F6F-D113319FD237}.Release|ARM.ActiveCfg = Release|Any CPU
		{EF19BF1E-F356-4206-9F6F-D113319FD237}.Release|ARM.Build.0 = Release|Any CPU
		{EF19BF1E-F356-4206-9F6F-D113319FD237}.Release|ARM.Deploy.0 = Release|Any CPU
		{EF19BF1E-F356-4206-9F6F-D113319FD237}.Release|iPhone.ActiveCfg = Release|Any CPU
		{EF19BF1E-F356-4206-9F6F-D113319FD237}.Release|iPhone.Build.0 = Release|Any CPU
		{EF19BF1E-F356-4206-9F6F-D113319FD237}.Release|iPhone.Deploy.0 = Release|Any CPU
		{EF19BF1E-F356-4206-9F6F-D113319FD237}.Release|iPhoneSimulator.ActiveCfg = Release|Any CPU
		{EF19BF1E-F356-4206-9F6F-D113319FD237}.Release|iPhoneSimulator.Build.0 = Release|Any CPU
		{EF19BF1E-F356-4206-9F6F-D113319FD237}.Release|iPhoneSimulator.Deploy.0 = Release|Any CPU
		{EF19BF1E-F356-4206-9F6F-D113319FD237}.Release|x64.ActiveCfg = Release|Any CPU
		{EF19BF1E-F356-4206-9F6F-D113319FD237}.Release|x64.Build.0 = Release|Any CPU
		{EF19BF1E-F356-4206-9F6F-D113319FD237}.Release|x64.Deploy.0 = Release|Any CPU
		{EF19BF1E-F356-4206-9F6F-D113319FD237}.Release|x86.ActiveCfg = Release|Any CPU
		{EF19BF1E-F356-4206-9F6F-D113319FD237}.Release|x86.Build.0 = Release|Any CPU
		{EF19BF1E-F356-4206-9F6F-D113319FD237}.Release|x86.Deploy.0 = Release|Any CPU
	EndGlobalSection
	GlobalSection(SolutionProperties) = preSolution
		HideSolutionNode = FALSE
	EndGlobalSection
	GlobalSection(ExtensibilityGlobals) = postSolution
		SolutionGuid = {7D6AFB45-977A-4D88-B20A-38487C612FA3}
	EndGlobalSection
EndGlobal
